
Microsoft Visual Studio Solution File, Format Version 12.00
# Visual Studio Version 16
VisualStudioVersion = 16.0.29409.12
MinimumVisualStudioVersion = 10.0.40219.1
Project("{FAE04EC0-301F-11D3-BF4B-00C04F79EFBC}") = "ChatServer", "ChatServer\ChatServer.csproj", "{83301D42-604D-4B3D-8CDD-F40925A85BA4}"
EndProject
Project("{FAE04EC0-301F-11D3-BF4B-00C04F79EFBC}") = "Client", "Client\Client.csproj", "{1F530DC2-8AE9-4296-AC79-B0F2A4AD51B8}"
EndProject
Global
	GlobalSection(SolutionConfigurationPlatforms) = preSolution
		Debug|Any CPU = Debug|Any CPU
		Release|Any CPU = Release|Any CPU
	EndGlobalSection
	GlobalSection(ProjectConfigurationPlatforms) = postSolution
		{83301D42-604D-4B3D-8CDD-F40925A85BA4}.Debug|Any CPU.ActiveCfg = Debug|Any CPU
		{83301D42-604D-4B3D-8CDD-F40925A85BA4}.Debug|Any CPU.Build.0 = Debug|Any CPU
		{83301D42-604D-4B3D-8CDD-F40925A85BA4}.Release|Any CPU.ActiveCfg = Release|Any CPU
		{83301D42-604D-4B3D-8CDD-F40925A85BA4}.Release|Any CPU.Build.0 = Release|Any CPU
		{1F530DC2-8AE9-4296-AC79-B0F2A4AD51B8}.Debug|Any CPU.ActiveCfg = Debug|Any CPU
		{1F530DC2-8AE9-4296-AC79-B0F2A4AD51B8}.Debug|Any CPU.Build.0 = Debug|Any CPU
		{1F530DC2-8AE9-4296-AC79-B0F2A4AD51B8}.Release|Any CPU.ActiveCfg = Release|Any CPU
		{1F530DC2-8AE9-4296-AC79-B0F2A4AD51B8}.Release|Any CPU.Build.0 = Release|Any CPU
	EndGlobalSection
	GlobalSection(SolutionProperties) = preSolution
		HideSolutionNode = FALSE
	EndGlobalSection
	GlobalSection(ExtensibilityGlobals) = postSolution
		SolutionGuid = {4F5E32BC-6552-409F-9167-10FC70DF4DD4}
	EndGlobalSection
EndGlobal
